// !$*UTF8*$!
{
	archiveVersion = 1;
	classes = {
	};
	objectVersion = 48;
	objects = {

/* Begin PBXBuildFile section */
		181EBE651F8E723E00580B1C /* Asset.xcassets in Resources */ = {isa = PBXBuildFile; fileRef = 181EBE641F8E723E00580B1C /* Asset.xcassets */; };
		18377F541F84C78C00D05D00 /* YMNeeViewController.swift in Sources */ = {isa = PBXBuildFile; fileRef = 18377F531F84C78C00D05D00 /* YMNeeViewController.swift */; };
		183D8BC11F8BD491005E2BF9 /* DTTabBarController.swift in Sources */ = {isa = PBXBuildFile; fileRef = 183D8BC01F8BD491005E2BF9 /* DTTabBarController.swift */; };
		183D8BD31F8BD713005E2BF9 /* DanTangViewController.swift in Sources */ = {isa = PBXBuildFile; fileRef = 183D8BD21F8BD713005E2BF9 /* DanTangViewController.swift */; };
		183D8BD51F8BD71E005E2BF9 /* MeViewController.swift in Sources */ = {isa = PBXBuildFile; fileRef = 183D8BD41F8BD71E005E2BF9 /* MeViewController.swift */; };
		183D8BDA1F8BD75B005E2BF9 /* CategoryViewController.swift in Sources */ = {isa = PBXBuildFile; fileRef = 183D8BD91F8BD75B005E2BF9 /* CategoryViewController.swift */; };
		183D8BDC1F8BD81F005E2BF9 /* ProductViewController.swift in Sources */ = {isa = PBXBuildFile; fileRef = 183D8BDB1F8BD81F005E2BF9 /* ProductViewController.swift */; };
		1850B75F1F8EFA7100D5C809 /* DTBaseViewController.swift in Sources */ = {isa = PBXBuildFile; fileRef = 1850B75E1F8EFA7100D5C809 /* DTBaseViewController.swift */; };
		1850B7611F8F05DD00D5C809 /* RegiseViewController.swift in Sources */ = {isa = PBXBuildFile; fileRef = 1850B7601F8F05DD00D5C809 /* RegiseViewController.swift */; };
		1850B7DA1F8F712700D5C809 /* DTNetWorkTool.swift in Sources */ = {isa = PBXBuildFile; fileRef = 1850B7D91F8F712700D5C809 /* DTNetWorkTool.swift */; };
		185B028B1F925699002EEB73 /* Person.m in Sources */ = {isa = PBXBuildFile; fileRef = 185B028A1F925699002EEB73 /* Person.m */; };
		187ABBC91F94F972003EC7B1 /* CategoryHeaderViewController.swift in Sources */ = {isa = PBXBuildFile; fileRef = 187ABBC81F94F972003EC7B1 /* CategoryHeaderViewController.swift */; };
		187ABBCB1F94F9E9003EC7B1 /* DTCollections.swift in Sources */ = {isa = PBXBuildFile; fileRef = 187ABBCA1F94F9E9003EC7B1 /* DTCollections.swift */; };
		187EC82E1F7D52A70025CEA7 /* DanTangSwiftTests.swift in Sources */ = {isa = PBXBuildFile; fileRef = 187EC82D1F7D52A70025CEA7 /* DanTangSwiftTests.swift */; };
		187EC8391F7D52A70025CEA7 /* DanTangSwiftUITests.swift in Sources */ = {isa = PBXBuildFile; fileRef = 187EC8381F7D52A70025CEA7 /* DanTangSwiftUITests.swift */; };
		1896ACB11F8E57840056445F /* Main.storyboard in Resources */ = {isa = PBXBuildFile; fileRef = 1896ACB01F8E57840056445F /* Main.storyboard */; };
		189978E41F91E1B1006AFA70 /* DTHomeTableViewCell.swift in Sources */ = {isa = PBXBuildFile; fileRef = 189978E21F91E1B0006AFA70 /* DTHomeTableViewCell.swift */; };
		189978E51F91E1B1006AFA70 /* DTHomeTableViewCell.xib in Resources */ = {isa = PBXBuildFile; fileRef = 189978E31F91E1B0006AFA70 /* DTHomeTableViewCell.xib */; };
		189978E71F91F1F7006AFA70 /* DTHomeItem.swift in Sources */ = {isa = PBXBuildFile; fileRef = 189978E61F91F1F7006AFA70 /* DTHomeItem.swift */; };
		189978E91F9215A4006AFA70 /* DTDetaiViewController.swift in Sources */ = {isa = PBXBuildFile; fileRef = 189978E81F9215A4006AFA70 /* DTDetaiViewController.swift */; };
		189978EC1F921A58006AFA70 /* ProductCollectionViewCell.swift in Sources */ = {isa = PBXBuildFile; fileRef = 189978EA1F921A57006AFA70 /* ProductCollectionViewCell.swift */; };
		189978ED1F921A58006AFA70 /* ProductCollectionViewCell.xib in Resources */ = {isa = PBXBuildFile; fileRef = 189978EB1F921A57006AFA70 /* ProductCollectionViewCell.xib */; };
		189978EF1F922976006AFA70 /* ProductModel.swift in Sources */ = {isa = PBXBuildFile; fileRef = 189978EE1F922976006AFA70 /* ProductModel.swift */; };
		18BEB6421F9644EC00DD133B /* CategoryCollectionViewCell.swift in Sources */ = {isa = PBXBuildFile; fileRef = 18BEB6401F9644EC00DD133B /* CategoryCollectionViewCell.swift */; };
		18BEB6431F9644EC00DD133B /* CategoryCollectionViewCell.xib in Resources */ = {isa = PBXBuildFile; fileRef = 18BEB6411F9644EC00DD133B /* CategoryCollectionViewCell.xib */; };
		18C1444E1F8B080D00181CD7 /* DTNavigationController.swift in Sources */ = {isa = PBXBuildFile; fileRef = 18C1444D1F8B080D00181CD7 /* DTNavigationController.swift */; };
		18C144511F8B08F400181CD7 /* DTConst.swift in Sources */ = {isa = PBXBuildFile; fileRef = 18C144501F8B08F400181CD7 /* DTConst.swift */; };
		18DE433B1F90BD8A0007D989 /* DanTangTopicController.swift in Sources */ = {isa = PBXBuildFile; fileRef = 18DE433A1F90BD8A0007D989 /* DanTangTopicController.swift */; };
		18DFB9B51F8FBD9600E2C7A2 /* DTChannel.swift in Sources */ = {isa = PBXBuildFile; fileRef = 18DFB9B41F8FBD9600E2C7A2 /* DTChannel.swift */; };
		18DFC0101F958FBE0073EB1B /* CategoryTopHeaderView.swift in Sources */ = {isa = PBXBuildFile; fileRef = 18DFC00F1F958FBE0073EB1B /* CategoryTopHeaderView.swift */; };
		18DFC0141F95901F0073EB1B /* CategoryTopHeaderView.xib in Resources */ = {isa = PBXBuildFile; fileRef = 18DFC0131F95901F0073EB1B /* CategoryTopHeaderView.xib */; };
		18E0319A1F7DF42100900414 /* AppDelegate.swift in Sources */ = {isa = PBXBuildFile; fileRef = 18E031871F7DEB6800900414 /* AppDelegate.swift */; };
		18E0319B1F7DF5BD00900414 /* LoginViewController.swift in Sources */ = {isa = PBXBuildFile; fileRef = 18E031951F7DEFBA00900414 /* LoginViewController.swift */; };
		18E031A61F7DFCB000900414 /* UIView+Extension.swift in Sources */ = {isa = PBXBuildFile; fileRef = 18E031A51F7DFCB000900414 /* UIView+Extension.swift */; };
		F68B753E4033BB9A5BE0CFFF /* Pods_DanTangSwift.framework in Frameworks */ = {isa = PBXBuildFile; fileRef = 10300D8376F4058A99388F97 /* Pods_DanTangSwift.framework */; };
/* End PBXBuildFile section */

/* Begin PBXContainerItemProxy section */
		187EC82A1F7D52A70025CEA7 /* PBXContainerItemProxy */ = {
			isa = PBXContainerItemProxy;
			containerPortal = 187EC80D1F7D52A70025CEA7 /* Project object */;
			proxyType = 1;
			remoteGlobalIDString = 187EC8141F7D52A70025CEA7;
			remoteInfo = DanTangSwift;
		};
		187EC8351F7D52A70025CEA7 /* PBXContainerItemProxy */ = {
			isa = PBXContainerItemProxy;
			containerPortal = 187EC80D1F7D52A70025CEA7 /* Project object */;
			proxyType = 1;
			remoteGlobalIDString = 187EC8141F7D52A70025CEA7;
			remoteInfo = DanTangSwift;
		};
/* End PBXContainerItemProxy section */

/* Begin PBXFileReference section */
		10300D8376F4058A99388F97 /* Pods_DanTangSwift.framework */ = {isa = PBXFileReference; explicitFileType = wrapper.framework; includeInIndex = 0; path = Pods_DanTangSwift.framework; sourceTree = BUILT_PRODUCTS_DIR; };
		181EBE641F8E723E00580B1C /* Asset.xcassets */ = {isa = PBXFileReference; lastKnownFileType = folder.assetcatalog; path = Asset.xcassets; sourceTree = "<group>"; };
		18377F531F84C78C00D05D00 /* YMNeeViewController.swift */ = {isa = PBXFileReference; lastKnownFileType = sourcecode.swift; path = YMNeeViewController.swift; sourceTree = "<group>"; };
		183D8BC01F8BD491005E2BF9 /* DTTabBarController.swift */ = {isa = PBXFileReference; lastKnownFileType = sourcecode.swift; path = DTTabBarController.swift; sourceTree = "<group>"; };
		183D8BD21F8BD713005E2BF9 /* DanTangViewController.swift */ = {isa = PBXFileReference; lastKnownFileType = sourcecode.swift; path = DanTangViewController.swift; sourceTree = "<group>"; };
		183D8BD41F8BD71E005E2BF9 /* MeViewController.swift */ = {isa = PBXFileReference; lastKnownFileType = sourcecode.swift; path = MeViewController.swift; sourceTree = "<group>"; };
		183D8BD91F8BD75B005E2BF9 /* CategoryViewController.swift */ = {isa = PBXFileReference; lastKnownFileType = sourcecode.swift; path = CategoryViewController.swift; sourceTree = "<group>"; };
		183D8BDB1F8BD81F005E2BF9 /* ProductViewController.swift */ = {isa = PBXFileReference; lastKnownFileType = sourcecode.swift; path = ProductViewController.swift; sourceTree = "<group>"; };
		1850B75E1F8EFA7100D5C809 /* DTBaseViewController.swift */ = {isa = PBXFileReference; lastKnownFileType = sourcecode.swift; path = DTBaseViewController.swift; sourceTree = "<group>"; };
		1850B7601F8F05DD00D5C809 /* RegiseViewController.swift */ = {isa = PBXFileReference; lastKnownFileType = sourcecode.swift; path = RegiseViewController.swift; sourceTree = "<group>"; };
		1850B7D91F8F712700D5C809 /* DTNetWorkTool.swift */ = {isa = PBXFileReference; lastKnownFileType = sourcecode.swift; path = DTNetWorkTool.swift; sourceTree = "<group>"; };
		185B02891F925699002EEB73 /* Person.h */ = {isa = PBXFileReference; lastKnownFileType = sourcecode.c.h; path = Person.h; sourceTree = "<group>"; };
		185B028A1F925699002EEB73 /* Person.m */ = {isa = PBXFileReference; lastKnownFileType = sourcecode.c.objc; path = Person.m; sourceTree = "<group>"; };
		187ABBC81F94F972003EC7B1 /* CategoryHeaderViewController.swift */ = {isa = PBXFileReference; lastKnownFileType = sourcecode.swift; path = CategoryHeaderViewController.swift; sourceTree = "<group>"; };
		187ABBCA1F94F9E9003EC7B1 /* DTCollections.swift */ = {isa = PBXFileReference; lastKnownFileType = sourcecode.swift; path = DTCollections.swift; sourceTree = "<group>"; };
		187EC8151F7D52A70025CEA7 /* DanTangSwift.app */ = {isa = PBXFileReference; explicitFileType = wrapper.application; includeInIndex = 0; path = DanTangSwift.app; sourceTree = BUILT_PRODUCTS_DIR; };
		187EC8291F7D52A70025CEA7 /* DanTangSwiftTests.xctest */ = {isa = PBXFileReference; explicitFileType = wrapper.cfbundle; includeInIndex = 0; path = DanTangSwiftTests.xctest; sourceTree = BUILT_PRODUCTS_DIR; };
		187EC82D1F7D52A70025CEA7 /* DanTangSwiftTests.swift */ = {isa = PBXFileReference; lastKnownFileType = sourcecode.swift; path = DanTangSwiftTests.swift; sourceTree = "<group>"; };
		187EC82F1F7D52A70025CEA7 /* Info.plist */ = {isa = PBXFileReference; lastKnownFileType = text.plist.xml; path = Info.plist; sourceTree = "<group>"; };
		187EC8341F7D52A70025CEA7 /* DanTangSwiftUITests.xctest */ = {isa = PBXFileReference; explicitFileType = wrapper.cfbundle; includeInIndex = 0; path = DanTangSwiftUITests.xctest; sourceTree = BUILT_PRODUCTS_DIR; };
		187EC8381F7D52A70025CEA7 /* DanTangSwiftUITests.swift */ = {isa = PBXFileReference; lastKnownFileType = sourcecode.swift; path = DanTangSwiftUITests.swift; sourceTree = "<group>"; };
		187EC83A1F7D52A70025CEA7 /* Info.plist */ = {isa = PBXFileReference; lastKnownFileType = text.plist.xml; path = Info.plist; sourceTree = "<group>"; };
		1896ACB01F8E57840056445F /* Main.storyboard */ = {isa = PBXFileReference; lastKnownFileType = file.storyboard; path = Main.storyboard; sourceTree = "<group>"; };
		189978E21F91E1B0006AFA70 /* DTHomeTableViewCell.swift */ = {isa = PBXFileReference; lastKnownFileType = sourcecode.swift; path = DTHomeTableViewCell.swift; sourceTree = "<group>"; };
		189978E31F91E1B0006AFA70 /* DTHomeTableViewCell.xib */ = {isa = PBXFileReference; lastKnownFileType = file.xib; path = DTHomeTableViewCell.xib; sourceTree = "<group>"; };
		189978E61F91F1F7006AFA70 /* DTHomeItem.swift */ = {isa = PBXFileReference; lastKnownFileType = sourcecode.swift; path = DTHomeItem.swift; sourceTree = "<group>"; };
		189978E81F9215A4006AFA70 /* DTDetaiViewController.swift */ = {isa = PBXFileReference; lastKnownFileType = sourcecode.swift; path = DTDetaiViewController.swift; sourceTree = "<group>"; };
		189978EA1F921A57006AFA70 /* ProductCollectionViewCell.swift */ = {isa = PBXFileReference; lastKnownFileType = sourcecode.swift; path = ProductCollectionViewCell.swift; sourceTree = "<group>"; };
		189978EB1F921A57006AFA70 /* ProductCollectionViewCell.xib */ = {isa = PBXFileReference; lastKnownFileType = file.xib; path = ProductCollectionViewCell.xib; sourceTree = "<group>"; };
		189978EE1F922976006AFA70 /* ProductModel.swift */ = {isa = PBXFileReference; lastKnownFileType = sourcecode.swift; path = ProductModel.swift; sourceTree = "<group>"; };
		18BEB6401F9644EC00DD133B /* CategoryCollectionViewCell.swift */ = {isa = PBXFileReference; lastKnownFileType = sourcecode.swift; path = CategoryCollectionViewCell.swift; sourceTree = "<group>"; };
		18BEB6411F9644EC00DD133B /* CategoryCollectionViewCell.xib */ = {isa = PBXFileReference; lastKnownFileType = file.xib; path = CategoryCollectionViewCell.xib; sourceTree = "<group>"; };
		18C1444D1F8B080D00181CD7 /* DTNavigationController.swift */ = {isa = PBXFileReference; lastKnownFileType = sourcecode.swift; path = DTNavigationController.swift; sourceTree = "<group>"; };
		18C144501F8B08F400181CD7 /* DTConst.swift */ = {isa = PBXFileReference; lastKnownFileType = sourcecode.swift; path = DTConst.swift; sourceTree = "<group>"; };
		18DE433A1F90BD8A0007D989 /* DanTangTopicController.swift */ = {isa = PBXFileReference; lastKnownFileType = sourcecode.swift; path = DanTangTopicController.swift; sourceTree = "<group>"; };
		18DFB9B41F8FBD9600E2C7A2 /* DTChannel.swift */ = {isa = PBXFileReference; lastKnownFileType = sourcecode.swift; path = DTChannel.swift; sourceTree = "<group>"; };
		18DFC00F1F958FBE0073EB1B /* CategoryTopHeaderView.swift */ = {isa = PBXFileReference; lastKnownFileType = sourcecode.swift; path = CategoryTopHeaderView.swift; sourceTree = "<group>"; };
		18DFC0131F95901F0073EB1B /* CategoryTopHeaderView.xib */ = {isa = PBXFileReference; lastKnownFileType = file.xib; path = CategoryTopHeaderView.xib; sourceTree = "<group>"; };
		18E031871F7DEB6800900414 /* AppDelegate.swift */ = {isa = PBXFileReference; lastKnownFileType = sourcecode.swift; path = AppDelegate.swift; sourceTree = "<group>"; };
		18E0318D1F7DEB6800900414 /* Info.plist */ = {isa = PBXFileReference; lastKnownFileType = text.plist.xml; path = Info.plist; sourceTree = "<group>"; };
		18E031951F7DEFBA00900414 /* LoginViewController.swift */ = {isa = PBXFileReference; lastKnownFileType = sourcecode.swift; path = LoginViewController.swift; sourceTree = "<group>"; };
		18E0319F1F7DF9E200900414 /* DanTangSwift-Bridging-Header.h */ = {isa = PBXFileReference; lastKnownFileType = sourcecode.c.h; path = "DanTangSwift-Bridging-Header.h"; sourceTree = "<group>"; };
		18E031A51F7DFCB000900414 /* UIView+Extension.swift */ = {isa = PBXFileReference; lastKnownFileType = sourcecode.swift; path = "UIView+Extension.swift"; sourceTree = "<group>"; };
		DDED7963F1A629F815EEDD12 /* Pods-DanTangSwift.release.xcconfig */ = {isa = PBXFileReference; includeInIndex = 1; lastKnownFileType = text.xcconfig; name = "Pods-DanTangSwift.release.xcconfig"; path = "Pods/Target Support Files/Pods-DanTangSwift/Pods-DanTangSwift.release.xcconfig"; sourceTree = "<group>"; };
		E264CE7ED620A27E82DECDC7 /* Pods-DanTangSwift.debug.xcconfig */ = {isa = PBXFileReference; includeInIndex = 1; lastKnownFileType = text.xcconfig; name = "Pods-DanTangSwift.debug.xcconfig"; path = "Pods/Target Support Files/Pods-DanTangSwift/Pods-DanTangSwift.debug.xcconfig"; sourceTree = "<group>"; };
/* End PBXFileReference section */

/* Begin PBXFrameworksBuildPhase section */
		187EC8121F7D52A70025CEA7 /* Frameworks */ = {
			isa = PBXFrameworksBuildPhase;
			buildActionMask = 2147483647;
			files = (
				F68B753E4033BB9A5BE0CFFF /* Pods_DanTangSwift.framework in Frameworks */,
			);
			runOnlyForDeploymentPostprocessing = 0;
		};
		187EC8261F7D52A70025CEA7 /* Frameworks */ = {
			isa = PBXFrameworksBuildPhase;
			buildActionMask = 2147483647;
			files = (
			);
			runOnlyForDeploymentPostprocessing = 0;
		};
		187EC8311F7D52A70025CEA7 /* Frameworks */ = {
			isa = PBXFrameworksBuildPhase;
			buildActionMask = 2147483647;
			files = (
			);
			runOnlyForDeploymentPostprocessing = 0;
		};
/* End PBXFrameworksBuildPhase section */

/* Begin PBXGroup section */
		183D8BC21F8BD6F9005E2BF9 /* DanTang */ = {
			isa = PBXGroup;
			children = (
				183D8BC31F8BD6F9005E2BF9 /* Controller */,
				183D8BC41F8BD6F9005E2BF9 /* Model */,
				183D8BC51F8BD6F9005E2BF9 /* View */,
			);
			path = DanTang;
			sourceTree = "<group>";
		};
		183D8BC31F8BD6F9005E2BF9 /* Controller */ = {
			isa = PBXGroup;
			children = (
				183D8BD21F8BD713005E2BF9 /* DanTangViewController.swift */,
				18DE433A1F90BD8A0007D989 /* DanTangTopicController.swift */,
				189978E81F9215A4006AFA70 /* DTDetaiViewController.swift */,
			);
			path = Controller;
			sourceTree = "<group>";
		};
		183D8BC41F8BD6F9005E2BF9 /* Model */ = {
			isa = PBXGroup;
			children = (
				18DFB9B41F8FBD9600E2C7A2 /* DTChannel.swift */,
				189978E61F91F1F7006AFA70 /* DTHomeItem.swift */,
			);
			path = Model;
			sourceTree = "<group>";
		};
		183D8BC51F8BD6F9005E2BF9 /* View */ = {
			isa = PBXGroup;
			children = (
				189978E21F91E1B0006AFA70 /* DTHomeTableViewCell.swift */,
				189978E31F91E1B0006AFA70 /* DTHomeTableViewCell.xib */,
			);
			path = View;
			sourceTree = "<group>";
		};
		183D8BC61F8BD6F9005E2BF9 /* Classify */ = {
			isa = PBXGroup;
			children = (
				183D8BC71F8BD6F9005E2BF9 /* Controller */,
				183D8BC81F8BD6F9005E2BF9 /* Model */,
				183D8BC91F8BD6F9005E2BF9 /* View */,
			);
			path = Classify;
			sourceTree = "<group>";
		};
		183D8BC71F8BD6F9005E2BF9 /* Controller */ = {
			isa = PBXGroup;
			children = (
				183D8BD91F8BD75B005E2BF9 /* CategoryViewController.swift */,
				187ABBC81F94F972003EC7B1 /* CategoryHeaderViewController.swift */,
			);
			path = Controller;
			sourceTree = "<group>";
		};
		183D8BC81F8BD6F9005E2BF9 /* Model */ = {
			isa = PBXGroup;
			children = (
				187ABBCA1F94F9E9003EC7B1 /* DTCollections.swift */,
			);
			path = Model;
			sourceTree = "<group>";
		};
		183D8BC91F8BD6F9005E2BF9 /* View */ = {
			isa = PBXGroup;
			children = (
				18DFC00F1F958FBE0073EB1B /* CategoryTopHeaderView.swift */,
				18DFC0131F95901F0073EB1B /* CategoryTopHeaderView.xib */,
				18BEB6401F9644EC00DD133B /* CategoryCollectionViewCell.swift */,
				18BEB6411F9644EC00DD133B /* CategoryCollectionViewCell.xib */,
			);
			path = View;
			sourceTree = "<group>";
		};
		183D8BCA1F8BD6F9005E2BF9 /* Product */ = {
			isa = PBXGroup;
			children = (
				183D8BCB1F8BD6F9005E2BF9 /* Controller */,
				183D8BCC1F8BD6F9005E2BF9 /* Model */,
				183D8BCD1F8BD6F9005E2BF9 /* View */,
			);
			path = Product;
			sourceTree = "<group>";
		};
		183D8BCB1F8BD6F9005E2BF9 /* Controller */ = {
			isa = PBXGroup;
			children = (
				183D8BDB1F8BD81F005E2BF9 /* ProductViewController.swift */,
			);
			path = Controller;
			sourceTree = "<group>";
		};
		183D8BCC1F8BD6F9005E2BF9 /* Model */ = {
			isa = PBXGroup;
			children = (
				189978EE1F922976006AFA70 /* ProductModel.swift */,
			);
			path = Model;
			sourceTree = "<group>";
		};
		183D8BCD1F8BD6F9005E2BF9 /* View */ = {
			isa = PBXGroup;
			children = (
				189978EA1F921A57006AFA70 /* ProductCollectionViewCell.swift */,
				189978EB1F921A57006AFA70 /* ProductCollectionViewCell.xib */,
			);
			path = View;
			sourceTree = "<group>";
		};
		183D8BCE1F8BD6F9005E2BF9 /* Me */ = {
			isa = PBXGroup;
			children = (
				183D8BCF1F8BD6F9005E2BF9 /* Controller */,
				183D8BD01F8BD6F9005E2BF9 /* Model */,
				183D8BD11F8BD6F9005E2BF9 /* View */,
			);
			path = Me;
			sourceTree = "<group>";
		};
		183D8BCF1F8BD6F9005E2BF9 /* Controller */ = {
			isa = PBXGroup;
			children = (
				183D8BD41F8BD71E005E2BF9 /* MeViewController.swift */,
			);
			path = Controller;
			sourceTree = "<group>";
		};
		183D8BD01F8BD6F9005E2BF9 /* Model */ = {
			isa = PBXGroup;
			children = (
			);
			path = Model;
			sourceTree = "<group>";
		};
		183D8BD11F8BD6F9005E2BF9 /* View */ = {
			isa = PBXGroup;
			children = (
			);
			path = View;
			sourceTree = "<group>";
		};
		187EC80C1F7D52A70025CEA7 = {
			isa = PBXGroup;
			children = (
				187EC8171F7D52A70025CEA7 /* DanTangSwift */,
				187EC82C1F7D52A70025CEA7 /* DanTangSwiftTests */,
				187EC8371F7D52A70025CEA7 /* DanTangSwiftUITests */,
				187EC8161F7D52A70025CEA7 /* Products */,
				F8233484D60856CFF289253A /* Pods */,
				2E1BC5D875963354F51E2593 /* Frameworks */,
			);
			sourceTree = "<group>";
		};
		187EC8161F7D52A70025CEA7 /* Products */ = {
			isa = PBXGroup;
			children = (
				187EC8151F7D52A70025CEA7 /* DanTangSwift.app */,
				187EC8291F7D52A70025CEA7 /* DanTangSwiftTests.xctest */,
				187EC8341F7D52A70025CEA7 /* DanTangSwiftUITests.xctest */,
			);
			name = Products;
			sourceTree = "<group>";
		};
		187EC8171F7D52A70025CEA7 /* DanTangSwift */ = {
			isa = PBXGroup;
			children = (
				18E0318E1F7DEBF300900414 /* Login&Regiser */,
				183D8BC61F8BD6F9005E2BF9 /* Classify */,
				183D8BC21F8BD6F9005E2BF9 /* DanTang */,
				183D8BCE1F8BD6F9005E2BF9 /* Me */,
				183D8BCA1F8BD6F9005E2BF9 /* Product */,
				18E031861F7DEB6800900414 /* Appdelegate */,
				18C144481F8B07CC00181CD7 /* Main */,
				18E0319C1F7DF76E00900414 /* Other */,
			);
			path = DanTangSwift;
			sourceTree = "<group>";
		};
		187EC82C1F7D52A70025CEA7 /* DanTangSwiftTests */ = {
			isa = PBXGroup;
			children = (
				187EC82D1F7D52A70025CEA7 /* DanTangSwiftTests.swift */,
				187EC82F1F7D52A70025CEA7 /* Info.plist */,
			);
			path = DanTangSwiftTests;
			sourceTree = "<group>";
		};
		187EC8371F7D52A70025CEA7 /* DanTangSwiftUITests */ = {
			isa = PBXGroup;
			children = (
				187EC8381F7D52A70025CEA7 /* DanTangSwiftUITests.swift */,
				187EC83A1F7D52A70025CEA7 /* Info.plist */,
			);
			path = DanTangSwiftUITests;
			sourceTree = "<group>";
		};
		18C144481F8B07CC00181CD7 /* Main */ = {
			isa = PBXGroup;
			children = (
				18C144491F8B07CC00181CD7 /* Catrgory */,
				18C1444A1F8B07CC00181CD7 /* Controller */,
				18C1444B1F8B07CC00181CD7 /* Model */,
				18C1444C1F8B07CC00181CD7 /* View */,
				18C1444F1F8B08D400181CD7 /* Tools */,
			);
			path = Main;
			sourceTree = "<group>";
		};
		18C144491F8B07CC00181CD7 /* Catrgory */ = {
			isa = PBXGroup;
			children = (
			);
			path = Catrgory;
			sourceTree = "<group>";
		};
		18C1444A1F8B07CC00181CD7 /* Controller */ = {
			isa = PBXGroup;
			children = (
				18C1444D1F8B080D00181CD7 /* DTNavigationController.swift */,
				183D8BC01F8BD491005E2BF9 /* DTTabBarController.swift */,
				1850B75E1F8EFA7100D5C809 /* DTBaseViewController.swift */,
			);
			path = Controller;
			sourceTree = "<group>";
		};
		18C1444B1F8B07CC00181CD7 /* Model */ = {
			isa = PBXGroup;
			children = (
				1850B7D91F8F712700D5C809 /* DTNetWorkTool.swift */,
				185B02891F925699002EEB73 /* Person.h */,
				185B028A1F925699002EEB73 /* Person.m */,
			);
			path = Model;
			sourceTree = "<group>";
		};
		18C1444C1F8B07CC00181CD7 /* View */ = {
			isa = PBXGroup;
			children = (
			);
			path = View;
			sourceTree = "<group>";
		};
		18C1444F1F8B08D400181CD7 /* Tools */ = {
			isa = PBXGroup;
			children = (
				18C144501F8B08F400181CD7 /* DTConst.swift */,
			);
			path = Tools;
			sourceTree = "<group>";
		};
		18E031861F7DEB6800900414 /* Appdelegate */ = {
			isa = PBXGroup;
			children = (
				18E031871F7DEB6800900414 /* AppDelegate.swift */,
				18E0318D1F7DEB6800900414 /* Info.plist */,
				1896ACB01F8E57840056445F /* Main.storyboard */,
				181EBE641F8E723E00580B1C /* Asset.xcassets */,
			);
			path = Appdelegate;
			sourceTree = "<group>";
		};
		18E0318E1F7DEBF300900414 /* Login&Regiser */ = {
			isa = PBXGroup;
			children = (
				18E0318F1F7DEBF300900414 /* Controller */,
			);
			path = "Login&Regiser";
			sourceTree = "<group>";
		};
		18E0318F1F7DEBF300900414 /* Controller */ = {
			isa = PBXGroup;
			children = (
				18E031951F7DEFBA00900414 /* LoginViewController.swift */,
				18377F531F84C78C00D05D00 /* YMNeeViewController.swift */,
				1850B7601F8F05DD00D5C809 /* RegiseViewController.swift */,
			);
			path = Controller;
			sourceTree = "<group>";
		};
		18E0319C1F7DF76E00900414 /* Other */ = {
			isa = PBXGroup;
			children = (
				18E0319F1F7DF9E200900414 /* DanTangSwift-Bridging-Header.h */,
				18E031A51F7DFCB000900414 /* UIView+Extension.swift */,
			);
			path = Other;
			sourceTree = "<group>";
		};
		2E1BC5D875963354F51E2593 /* Frameworks */ = {
			isa = PBXGroup;
			children = (
				10300D8376F4058A99388F97 /* Pods_DanTangSwift.framework */,
			);
			name = Frameworks;
			sourceTree = "<group>";
		};
		F8233484D60856CFF289253A /* Pods */ = {
			isa = PBXGroup;
			children = (
				E264CE7ED620A27E82DECDC7 /* Pods-DanTangSwift.debug.xcconfig */,
				DDED7963F1A629F815EEDD12 /* Pods-DanTangSwift.release.xcconfig */,
			);
			name = Pods;
			sourceTree = "<group>";
		};
/* End PBXGroup section */

/* Begin PBXNativeTarget section */
		187EC8141F7D52A70025CEA7 /* DanTangSwift */ = {
			isa = PBXNativeTarget;
			buildConfigurationList = 187EC83D1F7D52A70025CEA7 /* Build configuration list for PBXNativeTarget "DanTangSwift" */;
			buildPhases = (
				194A845224ACD84CC126B30D /* [CP] Check Pods Manifest.lock */,
				187EC8111F7D52A70025CEA7 /* Sources */,
				187EC8121F7D52A70025CEA7 /* Frameworks */,
				187EC8131F7D52A70025CEA7 /* Resources */,
				0134E7B0D23AEACCD9A89454 /* [CP] Embed Pods Frameworks */,
				C50A01AD4B69B7A5DFD7D9F4 /* [CP] Copy Pods Resources */,
			);
			buildRules = (
			);
			dependencies = (
			);
			name = DanTangSwift;
			productName = DanTangSwift;
			productReference = 187EC8151F7D52A70025CEA7 /* DanTangSwift.app */;
			productType = "com.apple.product-type.application";
		};
		187EC8281F7D52A70025CEA7 /* DanTangSwiftTests */ = {
			isa = PBXNativeTarget;
			buildConfigurationList = 187EC8401F7D52A70025CEA7 /* Build configuration list for PBXNativeTarget "DanTangSwiftTests" */;
			buildPhases = (
				187EC8251F7D52A70025CEA7 /* Sources */,
				187EC8261F7D52A70025CEA7 /* Frameworks */,
				187EC8271F7D52A70025CEA7 /* Resources */,
			);
			buildRules = (
			);
			dependencies = (
				187EC82B1F7D52A70025CEA7 /* PBXTargetDependency */,
			);
			name = DanTangSwiftTests;
			productName = DanTangSwiftTests;
			productReference = 187EC8291F7D52A70025CEA7 /* DanTangSwiftTests.xctest */;
			productType = "com.apple.product-type.bundle.unit-test";
		};
		187EC8331F7D52A70025CEA7 /* DanTangSwiftUITests */ = {
			isa = PBXNativeTarget;
			buildConfigurationList = 187EC8431F7D52A70025CEA7 /* Build configuration list for PBXNativeTarget "DanTangSwiftUITests" */;
			buildPhases = (
				187EC8301F7D52A70025CEA7 /* Sources */,
				187EC8311F7D52A70025CEA7 /* Frameworks */,
				187EC8321F7D52A70025CEA7 /* Resources */,
			);
			buildRules = (
			);
			dependencies = (
				187EC8361F7D52A70025CEA7 /* PBXTargetDependency */,
			);
			name = DanTangSwiftUITests;
			productName = DanTangSwiftUITests;
			productReference = 187EC8341F7D52A70025CEA7 /* DanTangSwiftUITests.xctest */;
			productType = "com.apple.product-type.bundle.ui-testing";
		};
/* End PBXNativeTarget section */

/* Begin PBXProject section */
		187EC80D1F7D52A70025CEA7 /* Project object */ = {
			isa = PBXProject;
			attributes = {
				LastSwiftUpdateCheck = 0900;
				LastUpgradeCheck = 0900;
				ORGANIZATIONNAME = yangchao;
				TargetAttributes = {
					187EC8141F7D52A70025CEA7 = {
						CreatedOnToolsVersion = 9.0;
						LastSwiftMigration = 0900;
						ProvisioningStyle = Automatic;
					};
					187EC8281F7D52A70025CEA7 = {
						CreatedOnToolsVersion = 9.0;
						ProvisioningStyle = Automatic;
						TestTargetID = 187EC8141F7D52A70025CEA7;
					};
					187EC8331F7D52A70025CEA7 = {
						CreatedOnToolsVersion = 9.0;
						ProvisioningStyle = Automatic;
						TestTargetID = 187EC8141F7D52A70025CEA7;
					};
				};
			};
			buildConfigurationList = 187EC8101F7D52A70025CEA7 /* Build configuration list for PBXProject "DanTangSwift" */;
			compatibilityVersion = "Xcode 8.0";
			developmentRegion = en;
			hasScannedForEncodings = 0;
			knownRegions = (
				en,
				Base,
			);
			mainGroup = 187EC80C1F7D52A70025CEA7;
			productRefGroup = 187EC8161F7D52A70025CEA7 /* Products */;
			projectDirPath = "";
			projectRoot = "";
			targets = (
				187EC8141F7D52A70025CEA7 /* DanTangSwift */,
				187EC8281F7D52A70025CEA7 /* DanTangSwiftTests */,
				187EC8331F7D52A70025CEA7 /* DanTangSwiftUITests */,
			);
		};
/* End PBXProject section */

/* Begin PBXResourcesBuildPhase section */
		187EC8131F7D52A70025CEA7 /* Resources */ = {
			isa = PBXResourcesBuildPhase;
			buildActionMask = 2147483647;
			files = (
				18BEB6431F9644EC00DD133B /* CategoryCollectionViewCell.xib in Resources */,
				181EBE651F8E723E00580B1C /* Asset.xcassets in Resources */,
				189978E51F91E1B1006AFA70 /* DTHomeTableViewCell.xib in Resources */,
				189978ED1F921A58006AFA70 /* ProductCollectionViewCell.xib in Resources */,
				1896ACB11F8E57840056445F /* Main.storyboard in Resources */,
				18DFC0141F95901F0073EB1B /* CategoryTopHeaderView.xib in Resources */,
			);
			runOnlyForDeploymentPostprocessing = 0;
		};
		187EC8271F7D52A70025CEA7 /* Resources */ = {
			isa = PBXResourcesBuildPhase;
			buildActionMask = 2147483647;
			files = (
			);
			runOnlyForDeploymentPostprocessing = 0;
		};
		187EC8321F7D52A70025CEA7 /* Resources */ = {
			isa = PBXResourcesBuildPhase;
			buildActionMask = 2147483647;
			files = (
			);
			runOnlyForDeploymentPostprocessing = 0;
		};
/* End PBXResourcesBuildPhase section */

/* Begin PBXShellScriptBuildPhase section */
		0134E7B0D23AEACCD9A89454 /* [CP] Embed Pods Frameworks */ = {
			isa = PBXShellScriptBuildPhase;
			buildActionMask = 2147483647;
			files = (
			);
			inputPaths = (
				"${SRCROOT}/Pods/Target Support Files/Pods-DanTangSwift/Pods-DanTangSwift-frameworks.sh",
				"${BUILT_PRODUCTS_DIR}/Alamofire/Alamofire.framework",
				"${BUILT_PRODUCTS_DIR}/FDFullscreenPopGesture/FDFullscreenPopGesture.framework",
				"${BUILT_PRODUCTS_DIR}/SDWebImage/SDWebImage.framework",
				"${BUILT_PRODUCTS_DIR}/SVProgressHUD/SVProgressHUD.framework",
				"${BUILT_PRODUCTS_DIR}/SwiftyJSON/SwiftyJSON.framework",
			);
			name = "[CP] Embed Pods Frameworks";
			outputPaths = (
				"${TARGET_BUILD_DIR}/${FRAMEWORKS_FOLDER_PATH}/Alamofire.framework",
				"${TARGET_BUILD_DIR}/${FRAMEWORKS_FOLDER_PATH}/FDFullscreenPopGesture.framework",
				"${TARGET_BUILD_DIR}/${FRAMEWORKS_FOLDER_PATH}/SDWebImage.framework",
				"${TARGET_BUILD_DIR}/${FRAMEWORKS_FOLDER_PATH}/SVProgressHUD.framework",
				"${TARGET_BUILD_DIR}/${FRAMEWORKS_FOLDER_PATH}/SwiftyJSON.framework",
			);
			runOnlyForDeploymentPostprocessing = 0;
			shellPath = /bin/sh;
			shellScript = "\"${SRCROOT}/Pods/Target Support Files/Pods-DanTangSwift/Pods-DanTangSwift-frameworks.sh\"\n";
			showEnvVarsInLog = 0;
		};
		194A845224ACD84CC126B30D /* [CP] Check Pods Manifest.lock */ = {
			isa = PBXShellScriptBuildPhase;
			buildActionMask = 2147483647;
			files = (
			);
			inputPaths = (
				"${PODS_PODFILE_DIR_PATH}/Podfile.lock",
				"${PODS_ROOT}/Manifest.lock",
			);
			name = "[CP] Check Pods Manifest.lock";
			outputPaths = (
				"$(DERIVED_FILE_DIR)/Pods-DanTangSwift-checkManifestLockResult.txt",
			);
			runOnlyForDeploymentPostprocessing = 0;
			shellPath = /bin/sh;
			shellScript = "diff \"${PODS_PODFILE_DIR_PATH}/Podfile.lock\" \"${PODS_ROOT}/Manifest.lock\" > /dev/null\nif [ $? != 0 ] ; then\n    # print error to STDERR\n    echo \"error: The sandbox is not in sync with the Podfile.lock. Run 'pod install' or update your CocoaPods installation.\" >&2\n    exit 1\nfi\n# This output is used by Xcode 'outputs' to avoid re-running this script phase.\necho \"SUCCESS\" > \"${SCRIPT_OUTPUT_FILE_0}\"\n";
			showEnvVarsInLog = 0;
		};
		C50A01AD4B69B7A5DFD7D9F4 /* [CP] Copy Pods Resources */ = {
			isa = PBXShellScriptBuildPhase;
			buildActionMask = 2147483647;
			files = (
			);
			inputPaths = (
			);
			name = "[CP] Copy Pods Resources";
			outputPaths = (
			);
			runOnlyForDeploymentPostprocessing = 0;
			shellPath = /bin/sh;
			shellScript = "\"${SRCROOT}/Pods/Target Support Files/Pods-DanTangSwift/Pods-DanTangSwift-resources.sh\"\n";
			showEnvVarsInLog = 0;
		};
/* End PBXShellScriptBuildPhase section */

/* Begin PBXSourcesBuildPhase section */
		187EC8111F7D52A70025CEA7 /* Sources */ = {
			isa = PBXSourcesBuildPhase;
			buildActionMask = 2147483647;
			files = (
				183D8BDA1F8BD75B005E2BF9 /* CategoryViewController.swift in Sources */,
				189978E91F9215A4006AFA70 /* DTDetaiViewController.swift in Sources */,
				185B028B1F925699002EEB73 /* Person.m in Sources */,
				189978EC1F921A58006AFA70 /* ProductCollectionViewCell.swift in Sources */,
				189978E41F91E1B1006AFA70 /* DTHomeTableViewCell.swift in Sources */,
				1850B7611F8F05DD00D5C809 /* RegiseViewController.swift in Sources */,
				18BEB6421F9644EC00DD133B /* CategoryCollectionViewCell.swift in Sources */,
				189978E71F91F1F7006AFA70 /* DTHomeItem.swift in Sources */,
				183D8BD51F8BD71E005E2BF9 /* MeViewController.swift in Sources */,
				18E031A61F7DFCB000900414 /* UIView+Extension.swift in Sources */,
				18DFB9B51F8FBD9600E2C7A2 /* DTChannel.swift in Sources */,
				18DFC0101F958FBE0073EB1B /* CategoryTopHeaderView.swift in Sources */,
				1850B7DA1F8F712700D5C809 /* DTNetWorkTool.swift in Sources */,
				1850B75F1F8EFA7100D5C809 /* DTBaseViewController.swift in Sources */,
				18DE433B1F90BD8A0007D989 /* DanTangTopicController.swift in Sources */,
				187ABBCB1F94F9E9003EC7B1 /* DTCollections.swift in Sources */,
				183D8BDC1F8BD81F005E2BF9 /* ProductViewController.swift in Sources */,
				183D8BC11F8BD491005E2BF9 /* DTTabBarController.swift in Sources */,
				183D8BD31F8BD713005E2BF9 /* DanTangViewController.swift in Sources */,
				18377F541F84C78C00D05D00 /* YMNeeViewController.swift in Sources */,
				18E0319B1F7DF5BD00900414 /* LoginViewController.swift in Sources */,
				18E0319A1F7DF42100900414 /* AppDelegate.swift in Sources */,
				18C1444E1F8B080D00181CD7 /* DTNavigationController.swift in Sources */,
				189978EF1F922976006AFA70 /* ProductModel.swift in Sources */,
				18C144511F8B08F400181CD7 /* DTConst.swift in Sources */,
				187ABBC91F94F972003EC7B1 /* CategoryHeaderViewController.swift in Sources */,
			);
			runOnlyForDeploymentPostprocessing = 0;
		};
		187EC8251F7D52A70025CEA7 /* Sources */ = {
			isa = PBXSourcesBuildPhase;
			buildActionMask = 2147483647;
			files = (
				187EC82E1F7D52A70025CEA7 /* DanTangSwiftTests.swift in Sources */,
			);
			runOnlyForDeploymentPostprocessing = 0;
		};
		187EC8301F7D52A70025CEA7 /* Sources */ = {
			isa = PBXSourcesBuildPhase;
			buildActionMask = 2147483647;
			files = (
				187EC8391F7D52A70025CEA7 /* DanTangSwiftUITests.swift in Sources */,
			);
			runOnlyForDeploymentPostprocessing = 0;
		};
/* End PBXSourcesBuildPhase section */

/* Begin PBXTargetDependency section */
		187EC82B1F7D52A70025CEA7 /* PBXTargetDependency */ = {
			isa = PBXTargetDependency;
			target = 187EC8141F7D52A70025CEA7 /* DanTangSwift */;
			targetProxy = 187EC82A1F7D52A70025CEA7 /* PBXContainerItemProxy */;
		};
		187EC8361F7D52A70025CEA7 /* PBXTargetDependency */ = {
			isa = PBXTargetDependency;
			target = 187EC8141F7D52A70025CEA7 /* DanTangSwift */;
			targetProxy = 187EC8351F7D52A70025CEA7 /* PBXContainerItemProxy */;
		};
/* End PBXTargetDependency section */

/* Begin XCBuildConfiguration section */
		187EC83B1F7D52A70025CEA7 /* Debug */ = {
			isa = XCBuildConfiguration;
			buildSettings = {
				ALWAYS_SEARCH_USER_PATHS = NO;
				CLANG_ANALYZER_NONNULL = YES;
				CLANG_ANALYZER_NUMBER_OBJECT_CONVERSION = YES_AGGRESSIVE;
				CLANG_CXX_LANGUAGE_STANDARD = "gnu++14";
				CLANG_CXX_LIBRARY = "libc++";
				CLANG_ENABLE_MODULES = YES;
				CLANG_ENABLE_OBJC_ARC = YES;
				CLANG_WARN_BLOCK_CAPTURE_AUTORELEASING = YES;
				CLANG_WARN_BOOL_CONVERSION = YES;
				CLANG_WARN_COMMA = YES;
				CLANG_WARN_CONSTANT_CONVERSION = YES;
				CLANG_WARN_DIRECT_OBJC_ISA_USAGE = YES_ERROR;
				CLANG_WARN_DOCUMENTATION_COMMENTS = YES;
				CLANG_WARN_EMPTY_BODY = YES;
				CLANG_WARN_ENUM_CONVERSION = YES;
				CLANG_WARN_INFINITE_RECURSION = YES;
				CLANG_WARN_INT_CONVERSION = YES;
				CLANG_WARN_NON_LITERAL_NULL_CONVERSION = YES;
				CLANG_WARN_OBJC_LITERAL_CONVERSION = YES;
				CLANG_WARN_OBJC_ROOT_CLASS = YES_ERROR;
				CLANG_WARN_RANGE_LOOP_ANALYSIS = YES;
				CLANG_WARN_STRICT_PROTOTYPES = YES;
				CLANG_WARN_SUSPICIOUS_MOVE = YES;
				CLANG_WARN_UNGUARDED_AVAILABILITY = YES_AGGRESSIVE;
				CLANG_WARN_UNREACHABLE_CODE = YES;
				CLANG_WARN__DUPLICATE_METHOD_MATCH = YES;
				CODE_SIGN_IDENTITY = "iPhone Developer";
				COPY_PHASE_STRIP = NO;
				DEBUG_INFORMATION_FORMAT = dwarf;
				ENABLE_STRICT_OBJC_MSGSEND = YES;
				ENABLE_TESTABILITY = YES;
				GCC_C_LANGUAGE_STANDARD = gnu11;
				GCC_DYNAMIC_NO_PIC = NO;
				GCC_NO_COMMON_BLOCKS = YES;
				GCC_OPTIMIZATION_LEVEL = 0;
				GCC_PREPROCESSOR_DEFINITIONS = (
					"DEBUG=1",
					"$(inherited)",
				);
				GCC_WARN_64_TO_32_BIT_CONVERSION = YES;
				GCC_WARN_ABOUT_RETURN_TYPE = YES_ERROR;
				GCC_WARN_UNDECLARED_SELECTOR = YES;
				GCC_WARN_UNINITIALIZED_AUTOS = YES_AGGRESSIVE;
				GCC_WARN_UNUSED_FUNCTION = YES;
				GCC_WARN_UNUSED_VARIABLE = YES;
				IPHONEOS_DEPLOYMENT_TARGET = 9.0;
				MTL_ENABLE_DEBUG_INFO = YES;
				ONLY_ACTIVE_ARCH = YES;
				SDKROOT = iphoneos;
				SWIFT_ACTIVE_COMPILATION_CONDITIONS = DEBUG;
				SWIFT_OPTIMIZATION_LEVEL = "-Onone";
			};
			name = Debug;
		};
		187EC83C1F7D52A70025CEA7 /* Release */ = {
			isa = XCBuildConfiguration;
			buildSettings = {
				ALWAYS_SEARCH_USER_PATHS = NO;
				CLANG_ANALYZER_NONNULL = YES;
				CLANG_ANALYZER_NUMBER_OBJECT_CONVERSION = YES_AGGRESSIVE;
				CLANG_CXX_LANGUAGE_STANDARD = "gnu++14";
				CLANG_CXX_LIBRARY = "libc++";
				CLANG_ENABLE_MODULES = YES;
				CLANG_ENABLE_OBJC_ARC = YES;
				CLANG_WARN_BLOCK_CAPTURE_AUTORELEASING = YES;
				CLANG_WARN_BOOL_CONVERSION = YES;
				CLANG_WARN_COMMA = YES;
				CLANG_WARN_CONSTANT_CONVERSION = YES;
				CLANG_WARN_DIRECT_OBJC_ISA_USAGE = YES_ERROR;
				CLANG_WARN_DOCUMENTATION_COMMENTS = YES;
				CLANG_WARN_EMPTY_BODY = YES;
				CLANG_WARN_ENUM_CONVERSION = YES;
				CLANG_WARN_INFINITE_RECURSION = YES;
				CLANG_WARN_INT_CONVERSION = YES;
				CLANG_WARN_NON_LITERAL_NULL_CONVERSION = YES;
				CLANG_WARN_OBJC_LITERAL_CONVERSION = YES;
				CLANG_WARN_OBJC_ROOT_CLASS = YES_ERROR;
				CLANG_WARN_RANGE_LOOP_ANALYSIS = YES;
				CLANG_WARN_STRICT_PROTOTYPES = YES;
				CLANG_WARN_SUSPICIOUS_MOVE = YES;
				CLANG_WARN_UNGUARDED_AVAILABILITY = YES_AGGRESSIVE;
				CLANG_WARN_UNREACHABLE_CODE = YES;
				CLANG_WARN__DUPLICATE_METHOD_MATCH = YES;
				CODE_SIGN_IDENTITY = "iPhone Developer";
				COPY_PHASE_STRIP = NO;
				DEBUG_INFORMATION_FORMAT = "dwarf-with-dsym";
				ENABLE_NS_ASSERTIONS = NO;
				ENABLE_STRICT_OBJC_MSGSEND = YES;
				GCC_C_LANGUAGE_STANDARD = gnu11;
				GCC_NO_COMMON_BLOCKS = YES;
				GCC_WARN_64_TO_32_BIT_CONVERSION = YES;
				GCC_WARN_ABOUT_RETURN_TYPE = YES_ERROR;
				GCC_WARN_UNDECLARED_SELECTOR = YES;
				GCC_WARN_UNINITIALIZED_AUTOS = YES_AGGRESSIVE;
				GCC_WARN_UNUSED_FUNCTION = YES;
				GCC_WARN_UNUSED_VARIABLE = YES;
				IPHONEOS_DEPLOYMENT_TARGET = 9.0;
				MTL_ENABLE_DEBUG_INFO = NO;
				SDKROOT = iphoneos;
				SWIFT_OPTIMIZATION_LEVEL = "-Owholemodule";
				VALIDATE_PRODUCT = YES;
			};
			name = Release;
		};
		187EC83E1F7D52A70025CEA7 /* Debug */ = {
			isa = XCBuildConfiguration;
			baseConfigurationReference = E264CE7ED620A27E82DECDC7 /* Pods-DanTangSwift.debug.xcconfig */;
			buildSettings = {
				ASSETCATALOG_COMPILER_APPICON_NAME = AppIcon;
				ASSETCATALOG_COMPILER_LAUNCHIMAGE_NAME = LaunchImage;
				CLANG_ENABLE_MODULES = YES;
				CODE_SIGN_STYLE = Automatic;
				DEVELOPMENT_TEAM = W5PE2ZM23A;
				INFOPLIST_FILE = "$(SRCROOT)/DanTangSwift/Appdelegate/Info.plist";
				IPHONEOS_DEPLOYMENT_TARGET = 9.0;
				LD_RUNPATH_SEARCH_PATHS = "$(inherited) @executable_path/Frameworks";
				PRODUCT_BUNDLE_IDENTIFIER = oufei.com.DanTangSwift;
				PRODUCT_NAME = "$(TARGET_NAME)";
				SWIFT_OBJC_BRIDGING_HEADER = "/Users/apple/Desktop/单糖Swift/DanTangSwift/Other/DanTangSwift-Bridging-Header.h";
				SWIFT_OBJC_INTERFACE_HEADER_NAME = "$(SWIFT_MODULE_NAME)-Swift.h";
				SWIFT_OPTIMIZATION_LEVEL = "-Onone";
				SWIFT_VERSION = 4.0;
				TARGETED_DEVICE_FAMILY = "1,2";
			};
			name = Debug;
		};
		187EC83F1F7D52A70025CEA7 /* Release */ = {
			isa = XCBuildConfiguration;
			baseConfigurationReference = DDED7963F1A629F815EEDD12 /* Pods-DanTangSwift.release.xcconfig */;
			buildSettings = {
				ASSETCATALOG_COMPILER_APPICON_NAME = AppIcon;
				ASSETCATALOG_COMPILER_LAUNCHIMAGE_NAME = LaunchImage;
				CLANG_ENABLE_MODULES = YES;
				CODE_SIGN_STYLE = Automatic;
				DEVELOPMENT_TEAM = W5PE2ZM23A;
				INFOPLIST_FILE = "$(SRCROOT)/DanTangSwift/Appdelegate/Info.plist";
				IPHONEOS_DEPLOYMENT_TARGET = 9.0;
				LD_RUNPATH_SEARCH_PATHS = "$(inherited) @executable_path/Frameworks";
				PRODUCT_BUNDLE_IDENTIFIER = oufei.com.DanTangSwift;
				PRODUCT_NAME = "$(TARGET_NAME)";
				SWIFT_OBJC_BRIDGING_HEADER = "/Users/apple/Desktop/单糖Swift/DanTangSwift/Other/DanTangSwift-Bridging-Header.h";
				SWIFT_OBJC_INTERFACE_HEADER_NAME = "$(SWIFT_MODULE_NAME)-Swift.h";
				SWIFT_VERSION = 4.0;
				TARGETED_DEVICE_FAMILY = "1,2";
			};
			name = Release;
		};
		187EC8411F7D52A70025CEA7 /* Debug */ = {
			isa = XCBuildConfiguration;
			buildSettings = {
				ALWAYS_EMBED_SWIFT_STANDARD_LIBRARIES = YES;
				BUNDLE_LOADER = "$(TEST_HOST)";
				CODE_SIGN_STYLE = Automatic;
				DEVELOPMENT_TEAM = W5PE2ZM23A;
				INFOPLIST_FILE = DanTangSwiftTests/Info.plist;
				LD_RUNPATH_SEARCH_PATHS = "$(inherited) @executable_path/Frameworks @loader_path/Frameworks";
				PRODUCT_BUNDLE_IDENTIFIER = oufei.com.DanTangSwiftTests;
				PRODUCT_NAME = "$(TARGET_NAME)";
				SWIFT_VERSION = 4.0;
				TARGETED_DEVICE_FAMILY = "1,2";
				TEST_HOST = "$(BUILT_PRODUCTS_DIR)/DanTangSwift.app/DanTangSwift";
			};
			name = Debug;
		};
		187EC8421F7D52A70025CEA7 /* Release */ = {
			isa = XCBuildConfiguration;
			buildSettings = {
				ALWAYS_EMBED_SWIFT_STANDARD_LIBRARIES = YES;
				BUNDLE_LOADER = "$(TEST_HOST)";
				CODE_SIGN_STYLE = Automatic;
				DEVELOPMENT_TEAM = W5PE2ZM23A;
				INFOPLIST_FILE = DanTangSwiftTests/Info.plist;
				LD_RUNPATH_SEARCH_PATHS = "$(inherited) @executable_path/Frameworks @loader_path/Frameworks";
				PRODUCT_BUNDLE_IDENTIFIER = oufei.com.DanTangSwiftTests;
				PRODUCT_NAME = "$(TARGET_NAME)";
				SWIFT_VERSION = 4.0;
				TARGETED_DEVICE_FAMILY = "1,2";
				TEST_HOST = "$(BUILT_PRODUCTS_DIR)/DanTangSwift.app/DanTangSwift";
			};
			name = Release;
		};
		187EC8441F7D52A70025CEA7 /* Debug */ = {
			isa = XCBuildConfiguration;
			buildSettings = {
				ALWAYS_EMBED_SWIFT_STANDARD_LIBRARIES = YES;
				CODE_SIGN_STYLE = Automatic;
				DEVELOPMENT_TEAM = W5PE2ZM23A;
				INFOPLIST_FILE = DanTangSwiftUITests/Info.plist;
				LD_RUNPATH_SEARCH_PATHS = "$(inherited) @executable_path/Frameworks @loader_path/Frameworks";
				PRODUCT_BUNDLE_IDENTIFIER = oufei.com.DanTangSwiftUITests;
				PRODUCT_NAME = "$(TARGET_NAME)";
				SWIFT_VERSION = 4.0;
				TARGETED_DEVICE_FAMILY = "1,2";
				TEST_TARGET_NAME = DanTangSwift;
			};
			name = Debug;
		};
		187EC8451F7D52A70025CEA7 /* Release */ = {
			isa = XCBuildConfiguration;
			buildSettings = {
				ALWAYS_EMBED_SWIFT_STANDARD_LIBRARIES = YES;
				CODE_SIGN_STYLE = Automatic;
				DEVELOPMENT_TEAM = W5PE2ZM23A;
				INFOPLIST_FILE = DanTangSwiftUITests/Info.plist;
				LD_RUNPATH_SEARCH_PATHS = "$(inherited) @executable_path/Frameworks @loader_path/Frameworks";
				PRODUCT_BUNDLE_IDENTIFIER = oufei.com.DanTangSwiftUITests;
				PRODUCT_NAME = "$(TARGET_NAME)";
				SWIFT_VERSION = 4.0;
				TARGETED_DEVICE_FAMILY = "1,2";
				TEST_TARGET_NAME = DanTangSwift;
			};
			name = Release;
		};
/* End XCBuildConfiguration section */

/* Begin XCConfigurationList section */
		187EC8101F7D52A70025CEA7 /* Build configuration list for PBXProject "DanTangSwift" */ = {
			isa = XCConfigurationList;
			buildConfigurations = (
				187EC83B1F7D52A70025CEA7 /* Debug */,
				187EC83C1F7D52A70025CEA7 /* Release */,
			);
			defaultConfigurationIsVisible = 0;
			defaultConfigurationName = Release;
		};
		187EC83D1F7D52A70025CEA7 /* Build configuration list for PBXNativeTarget "DanTangSwift" */ = {
			isa = XCConfigurationList;
			buildConfigurations = (
				187EC83E1F7D52A70025CEA7 /* Debug */,
				187EC83F1F7D52A70025CEA7 /* Release */,
			);
			defaultConfigurationIsVisible = 0;
			defaultConfigurationName = Release;
		};
		187EC8401F7D52A70025CEA7 /* Build configuration list for PBXNativeTarget "DanTangSwiftTests" */ = {
			isa = XCConfigurationList;
			buildConfigurations = (
				187EC8411F7D52A70025CEA7 /* Debug */,
				187EC8421F7D52A70025CEA7 /* Release */,
			);
			defaultConfigurationIsVisible = 0;
			defaultConfigurationName = Release;
		};
		187EC8431F7D52A70025CEA7 /* Build configuration list for PBXNativeTarget "DanTangSwiftUITests" */ = {
			isa = XCConfigurationList;
			buildConfigurations = (
				187EC8441F7D52A70025CEA7 /* Debug */,
				187EC8451F7D52A70025CEA7 /* Release */,
			);
			defaultConfigurationIsVisible = 0;
			defaultConfigurationName = Release;
		};
/* End XCConfigurationList section */
	};
	rootObject = 187EC80D1F7D52A70025CEA7 /* Project object */;
}
